// !$*UTF8*$!
{
	archiveVersion = 1;
	classes = {
	};
	objectVersion = 46;
	objects = {

/* Begin PBXBuildFile section */
		8466CA8818E5D9BA0059F486 /* Foundation.framework in Frameworks */ = {isa = PBXBuildFile; fileRef = 8466CA8718E5D9BA0059F486 /* Foundation.framework */; };
		8466CA8A18E5D9BA0059F486 /* CoreGraphics.framework in Frameworks */ = {isa = PBXBuildFile; fileRef = 8466CA8918E5D9BA0059F486 /* CoreGraphics.framework */; };
		8466CA8C18E5D9BA0059F486 /* UIKit.framework in Frameworks */ = {isa = PBXBuildFile; fileRef = 8466CA8B18E5D9BA0059F486 /* UIKit.framework */; };
		8466CA9218E5D9BA0059F486 /* InfoPlist.strings in Resources */ = {isa = PBXBuildFile; fileRef = 8466CA9018E5D9BA0059F486 /* InfoPlist.strings */; };
		8466CA9418E5D9BA0059F486 /* main.m in Sources */ = {isa = PBXBuildFile; fileRef = 8466CA9318E5D9BA0059F486 /* main.m */; };
		8466CA9818E5D9BA0059F486 /* MOAppDelegate.m in Sources */ = {isa = PBXBuildFile; fileRef = 8466CA9718E5D9BA0059F486 /* MOAppDelegate.m */; };
		8466CA9B18E5D9BA0059F486 /* Main.storyboard in Resources */ = {isa = PBXBuildFile; fileRef = 8466CA9918E5D9BA0059F486 /* Main.storyboard */; };
		8466CAA018E5D9BA0059F486 /* Images.xcassets in Resources */ = {isa = PBXBuildFile; fileRef = 8466CA9F18E5D9BA0059F486 /* Images.xcassets */; };
		8466CAA718E5D9BA0059F486 /* XCTest.framework in Frameworks */ = {isa = PBXBuildFile; fileRef = 8466CAA618E5D9BA0059F486 /* XCTest.framework */; };
		8466CAA818E5D9BA0059F486 /* Foundation.framework in Frameworks */ = {isa = PBXBuildFile; fileRef = 8466CA8718E5D9BA0059F486 /* Foundation.framework */; };
		8466CAA918E5D9BA0059F486 /* UIKit.framework in Frameworks */ = {isa = PBXBuildFile; fileRef = 8466CA8B18E5D9BA0059F486 /* UIKit.framework */; };
		8466CAB118E5D9BA0059F486 /* InfoPlist.strings in Resources */ = {isa = PBXBuildFile; fileRef = 8466CAAF18E5D9BA0059F486 /* InfoPlist.strings */; };
		8466CAB318E5D9BA0059F486 /* EjemploModalIntento2Tests.m in Sources */ = {isa = PBXBuildFile; fileRef = 8466CAB218E5D9BA0059F486 /* EjemploModalIntento2Tests.m */; };
		8466CABE18E5DA1D0059F486 /* MOTableViewControllerAlumnos.m in Sources */ = {isa = PBXBuildFile; fileRef = 8466CABD18E5DA1D0059F486 /* MOTableViewControllerAlumnos.m */; };
		8466CAC118E5DB0E0059F486 /* MODetalleViewController.m in Sources */ = {isa = PBXBuildFile; fileRef = 8466CAC018E5DB0E0059F486 /* MODetalleViewController.m */; };
/* End PBXBuildFile section */

/* Begin PBXContainerItemProxy section */
		8466CAAA18E5D9BA0059F486 /* PBXContainerItemProxy */ = {
			isa = PBXContainerItemProxy;
			containerPortal = 8466CA7C18E5D9BA0059F486 /* Project object */;
			proxyType = 1;
			remoteGlobalIDString = 8466CA8318E5D9BA0059F486;
			remoteInfo = EjemploModalIntento2;
		};
/* End PBXContainerItemProxy section */

/* Begin PBXFileReference section */
		8466CA8418E5D9BA0059F486 /* EjemploModalIntento2.app */ = {isa = PBXFileReference; explicitFileType = wrapper.application; includeInIndex = 0; path = EjemploModalIntento2.app; sourceTree = BUILT_PRODUCTS_DIR; };
		8466CA8718E5D9BA0059F486 /* Foundation.framework */ = {isa = PBXFileReference; lastKnownFileType = wrapper.framework; name = Foundation.framework; path = System/Library/Frameworks/Foundation.framework; sourceTree = SDKROOT; };
		8466CA8918E5D9BA0059F486 /* CoreGraphics.framework */ = {isa = PBXFileReference; lastKnownFileType = wrapper.framework; name = CoreGraphics.framework; path = System/Library/Frameworks/CoreGraphics.framework; sourceTree = SDKROOT; };
		8466CA8B18E5D9BA0059F486 /* UIKit.framework */ = {isa = PBXFileReference; lastKnownFileType = wrapper.framework; name = UIKit.framework; path = System/Library/Frameworks/UIKit.framework; sourceTree = SDKROOT; };
		8466CA8F18E5D9BA0059F486 /* EjemploModalIntento2-Info.plist */ = {isa = PBXFileReference; lastKnownFileType = text.plist.xml; path = "EjemploModalIntento2-Info.plist"; sourceTree = "<group>"; };
		8466CA9118E5D9BA0059F486 /* en */ = {isa = PBXFileReference; lastKnownFileType = text.plist.strings; name = en; path = en.lproj/InfoPlist.strings; sourceTree = "<group>"; };
		8466CA9318E5D9BA0059F486 /* main.m */ = {isa = PBXFileReference; lastKnownFileType = sourcecode.c.objc; path = main.m; sourceTree = "<group>"; };
		8466CA9518E5D9BA0059F486 /* EjemploModalIntento2-Prefix.pch */ = {isa = PBXFileReference; lastKnownFileType = sourcecode.c.h; path = "EjemploModalIntento2-Prefix.pch"; sourceTree = "<group>"; };
		8466CA9618E5D9BA0059F486 /* MOAppDelegate.h */ = {isa = PBXFileReference; lastKnownFileType = sourcecode.c.h; path = MOAppDelegate.h; sourceTree = "<group>"; };
		8466CA9718E5D9BA0059F486 /* MOAppDelegate.m */ = {isa = PBXFileReference; lastKnownFileType = sourcecode.c.objc; path = MOAppDelegate.m; sourceTree = "<group>"; };
		8466CA9A18E5D9BA0059F486 /* Base */ = {isa = PBXFileReference; lastKnownFileType = file.storyboard; name = Base; path = Base.lproj/Main.storyboard; sourceTree = "<group>"; };
		8466CA9F18E5D9BA0059F486 /* Images.xcassets */ = {isa = PBXFileReference; lastKnownFileType = folder.assetcatalog; path = Images.xcassets; sourceTree = "<group>"; };
		8466CAA518E5D9BA0059F486 /* EjemploModalIntento2Tests.xctest */ = {isa = PBXFileReference; explicitFileType = wrapper.cfbundle; includeInIndex = 0; path = EjemploModalIntento2Tests.xctest; sourceTree = BUILT_PRODUCTS_DIR; };
		8466CAA618E5D9BA0059F486 /* XCTest.framework */ = {isa = PBXFileReference; lastKnownFileType = wrapper.framework; name = XCTest.framework; path = Library/Frameworks/XCTest.framework; sourceTree = DEVELOPER_DIR; };
		8466CAAE18E5D9BA0059F486 /* EjemploModalIntento2Tests-Info.plist */ = {isa = PBXFileReference; lastKnownFileType = text.plist.xml; path = "EjemploModalIntento2Tests-Info.plist"; sourceTree = "<group>"; };
		8466CAB018E5D9BA0059F486 /* en */ = {isa = PBXFileReference; lastKnownFileType = text.plist.strings; name = en; path = en.lproj/InfoPlist.strings; sourceTree = "<group>"; };
		8466CAB218E5D9BA0059F486 /* EjemploModalIntento2Tests.m */ = {isa = PBXFileReference; lastKnownFileType = sourcecode.c.objc; path = EjemploModalIntento2Tests.m; sourceTree = "<group>"; };
		8466CABC18E5DA1D0059F486 /* MOTableViewControllerAlumnos.h */ = {isa = PBXFileReference; fileEncoding = 4; lastKnownFileType = sourcecode.c.h; path = MOTableViewControllerAlumnos.h; sourceTree = "<group>"; };
		8466CABD18E5DA1D0059F486 /* MOTableViewControllerAlumnos.m */ = {isa = PBXFileReference; fileEncoding = 4; lastKnownFileType = sourcecode.c.objc; path = MOTableViewControllerAlumnos.m; sourceTree = "<group>"; };
		8466CABF18E5DB0E0059F486 /* MODetalleViewController.h */ = {isa = PBXFileReference; fileEncoding = 4; lastKnownFileType = sourcecode.c.h; path = MODetalleViewController.h; sourceTree = "<group>"; };
		8466CAC018E5DB0E0059F486 /* MODetalleViewController.m */ = {isa = PBXFileReference; fileEncoding = 4; lastKnownFileType = sourcecode.c.objc; path = MODetalleViewController.m; sourceTree = "<group>"; };
/* End PBXFileReference section */

/* Begin PBXFrameworksBuildPhase section */
		8466CA8118E5D9BA0059F486 /* Frameworks */ = {
			isa = PBXFrameworksBuildPhase;
			buildActionMask = 2147483647;
			files = (
				8466CA8A18E5D9BA0059F486 /* CoreGraphics.framework in Frameworks */,
				8466CA8C18E5D9BA0059F486 /* UIKit.framework in Frameworks */,
				8466CA8818E5D9BA0059F486 /* Foundation.framework in Frameworks */,
			);
			runOnlyForDeploymentPostprocessing = 0;
		};
		8466CAA218E5D9BA0059F486 /* Frameworks */ = {
			isa = PBXFrameworksBuildPhase;
			buildActionMask = 2147483647;
			files = (
				8466CAA718E5D9BA0059F486 /* XCTest.framework in Frameworks */,
				8466CAA918E5D9BA0059F486 /* UIKit.framework in Frameworks */,
				8466CAA818E5D9BA0059F486 /* Foundation.framework in Frameworks */,
			);
			runOnlyForDeploymentPostprocessing = 0;
		};
/* End PBXFrameworksBuildPhase section */

/* Begin PBXGroup section */
		8466CA7B18E5D9BA0059F486 = {
			isa = PBXGroup;
			children = (
				8466CA8D18E5D9BA0059F486 /* EjemploModalIntento2 */,
				8466CAAC18E5D9BA0059F486 /* EjemploModalIntento2Tests */,
				8466CA8618E5D9BA0059F486 /* Frameworks */,
				8466CA8518E5D9BA0059F486 /* Products */,
			);
			sourceTree = "<group>";
		};
		8466CA8518E5D9BA0059F486 /* Products */ = {
			isa = PBXGroup;
			children = (
				8466CA8418E5D9BA0059F486 /* EjemploModalIntento2.app */,
				8466CAA518E5D9BA0059F486 /* EjemploModalIntento2Tests.xctest */,
			);
			name = Products;
			sourceTree = "<group>";
		};
		8466CA8618E5D9BA0059F486 /* Frameworks */ = {
			isa = PBXGroup;
			children = (
				8466CA8718E5D9BA0059F486 /* Foundation.framework */,
				8466CA8918E5D9BA0059F486 /* CoreGraphics.framework */,
				8466CA8B18E5D9BA0059F486 /* UIKit.framework */,
				8466CAA618E5D9BA0059F486 /* XCTest.framework */,
			);
			name = Frameworks;
			sourceTree = "<group>";
		};
		8466CA8D18E5D9BA0059F486 /* EjemploModalIntento2 */ = {
			isa = PBXGroup;
			children = (
				8466CA9618E5D9BA0059F486 /* MOAppDelegate.h */,
				8466CA9718E5D9BA0059F486 /* MOAppDelegate.m */,
				8466CA9918E5D9BA0059F486 /* Main.storyboard */,
				8466CABF18E5DB0E0059F486 /* MODetalleViewController.h */,
				8466CAC018E5DB0E0059F486 /* MODetalleViewController.m */,
				8466CABC18E5DA1D0059F486 /* MOTableViewControllerAlumnos.h */,
				8466CABD18E5DA1D0059F486 /* MOTableViewControllerAlumnos.m */,
				8466CA9F18E5D9BA0059F486 /* Images.xcassets */,
				8466CA8E18E5D9BA0059F486 /* Supporting Files */,
			);
			path = EjemploModalIntento2;
			sourceTree = "<group>";
		};
		8466CA8E18E5D9BA0059F486 /* Supporting Files */ = {
			isa = PBXGroup;
			children = (
				8466CA8F18E5D9BA0059F486 /* EjemploModalIntento2-Info.plist */,
				8466CA9018E5D9BA0059F486 /* InfoPlist.strings */,
				8466CA9318E5D9BA0059F486 /* main.m */,
				8466CA9518E5D9BA0059F486 /* EjemploModalIntento2-Prefix.pch */,
			);
			name = "Supporting Files";
			sourceTree = "<group>";
		};
		8466CAAC18E5D9BA0059F486 /* EjemploModalIntento2Tests */ = {
			isa = PBXGroup;
			children = (
				8466CAB218E5D9BA0059F486 /* EjemploModalIntento2Tests.m */,
				8466CAAD18E5D9BA0059F486 /* Supporting Files */,
			);
			path = EjemploModalIntento2Tests;
			sourceTree = "<group>";
		};
		8466CAAD18E5D9BA0059F486 /* Supporting Files */ = {
			isa = PBXGroup;
			children = (
				8466CAAE18E5D9BA0059F486 /* EjemploModalIntento2Tests-Info.plist */,
				8466CAAF18E5D9BA0059F486 /* InfoPlist.strings */,
			);
			name = "Supporting Files";
			sourceTree = "<group>";
		};
/* End PBXGroup section */

/* Begin PBXNativeTarget section */
		8466CA8318E5D9BA0059F486 /* EjemploModalIntento2 */ = {
			isa = PBXNativeTarget;
			buildConfigurationList = 8466CAB618E5D9BA0059F486 /* Build configuration list for PBXNativeTarget "EjemploModalIntento2" */;
			buildPhases = (
				8466CA8018E5D9BA0059F486 /* Sources */,
				8466CA8118E5D9BA0059F486 /* Frameworks */,
				8466CA8218E5D9BA0059F486 /* Resources */,
			);
			buildRules = (
			);
			dependencies = (
			);
			name = EjemploModalIntento2;
			productName = EjemploModalIntento2;
			productReference = 8466CA8418E5D9BA0059F486 /* EjemploModalIntento2.app */;
			productType = "com.apple.product-type.application";
		};
		8466CAA418E5D9BA0059F486 /* EjemploModalIntento2Tests */ = {
			isa = PBXNativeTarget;
			buildConfigurationList = 8466CAB918E5D9BA0059F486 /* Build configuration list for PBXNativeTarget "EjemploModalIntento2Tests" */;
			buildPhases = (
				8466CAA118E5D9BA0059F486 /* Sources */,
				8466CAA218E5D9BA0059F486 /* Frameworks */,
				8466CAA318E5D9BA0059F486 /* Resources */,
			);
			buildRules = (
			);
			dependencies = (
				8466CAAB18E5D9BA0059F486 /* PBXTargetDependency */,
			);
			name = EjemploModalIntento2Tests;
			productName = EjemploModalIntento2Tests;
			productReference = 8466CAA518E5D9BA0059F486 /* EjemploModalIntento2Tests.xctest */;
			productType = "com.apple.product-type.bundle.unit-test";
		};
/* End PBXNativeTarget section */

/* Begin PBXProject section */
		8466CA7C18E5D9BA0059F486 /* Project object */ = {
			isa = PBXProject;
			attributes = {
				CLASSPREFIX = MO;
				LastUpgradeCheck = 0510;
				ORGANIZATIONNAME = Iniciales;
				TargetAttributes = {
					8466CAA418E5D9BA0059F486 = {
						TestTargetID = 8466CA8318E5D9BA0059F486;
					};
				};
			};
			buildConfigurationList = 8466CA7F18E5D9BA0059F486 /* Build configuration list for PBXProject "EjemploModalIntento2" */;
			compatibilityVersion = "Xcode 3.2";
			developmentRegion = English;
			hasScannedForEncodings = 0;
			knownRegions = (
				en,
				Base,
			);
			mainGroup = 8466CA7B18E5D9BA0059F486;
			productRefGroup = 8466CA8518E5D9BA0059F486 /* Products */;
			projectDirPath = "";
			projectRoot = "";
			targets = (
				8466CA8318E5D9BA0059F486 /* EjemploModalIntento2 */,
				8466CAA418E5D9BA0059F486 /* EjemploModalIntento2Tests */,
			);
		};
/* End PBXProject section */

/* Begin PBXResourcesBuildPhase section */
		8466CA8218E5D9BA0059F486 /* Resources */ = {
			isa = PBXResourcesBuildPhase;
			buildActionMask = 2147483647;
			files = (
				8466CAA018E5D9BA0059F486 /* Images.xcassets in Resources */,
				8466CA9218E5D9BA0059F486 /* InfoPlist.strings in Resources */,
				8466CA9B18E5D9BA0059F486 /* Main.storyboard in Resources */,
			);
			runOnlyForDeploymentPostprocessing = 0;
		};
		8466CAA318E5D9BA0059F486 /* Resources */ = {
			isa = PBXResourcesBuildPhase;
			buildActionMask = 2147483647;
			files = (
				8466CAB118E5D9BA0059F486 /* InfoPlist.strings in Resources */,
			);
			runOnlyForDeploymentPostprocessing = 0;
		};
/* End PBXResourcesBuildPhase section */

/* Begin PBXSourcesBuildPhase section */
		8466CA8018E5D9BA0059F486 /* Sources */ = {
			isa = PBXSourcesBuildPhase;
			buildActionMask = 2147483647;
			files = (
				8466CA9818E5D9BA0059F486 /* MOAppDelegate.m in Sources */,
				8466CA9418E5D9BA0059F486 /* main.m in Sources */,
				8466CAC118E5DB0E0059F486 /* MODetalleViewController.m in Sources */,
				8466CABE18E5DA1D0059F486 /* MOTableViewControllerAlumnos.m in Sources */,
			);
			runOnlyForDeploymentPostprocessing = 0;
		};
		8466CAA118E5D9BA0059F486 /* Sources */ = {
			isa = PBXSourcesBuildPhase;
			buildActionMask = 2147483647;
			files = (
				8466CAB318E5D9BA0059F486 /* EjemploModalIntento2Tests.m in Sources */,
			);
			runOnlyForDeploymentPostprocessing = 0;
		};
/* End PBXSourcesBuildPhase section */

/* Begin PBXTargetDependency section */
		8466CAAB18E5D9BA0059F486 /* PBXTargetDependency */ = {
			isa = PBXTargetDependency;
			target = 8466CA8318E5D9BA0059F486 /* EjemploModalIntento2 */;
			targetProxy = 8466CAAA18E5D9BA0059F486 /* PBXContainerItemProxy */;
		};
/* End PBXTargetDependency section */

/* Begin PBXVariantGroup section */
		8466CA9018E5D9BA0059F486 /* InfoPlist.strings */ = {
			isa = PBXVariantGroup;
			children = (
				8466CA9118E5D9BA0059F486 /* en */,
			);
			name = InfoPlist.strings;
			sourceTree = "<group>";
		};
		8466CA9918E5D9BA0059F486 /* Main.storyboard */ = {
			isa = PBXVariantGroup;
			children = (
				8466CA9A18E5D9BA0059F486 /* Base */,
			);
			name = Main.storyboard;
			sourceTree = "<group>";
		};
		8466CAAF18E5D9BA0059F486 /* InfoPlist.strings */ = {
			isa = PBXVariantGroup;
			children = (
				8466CAB018E5D9BA0059F486 /* en */,
			);
			name = InfoPlist.strings;
			sourceTree = "<group>";
		};
/* End PBXVariantGroup section */

/* Begin XCBuildConfiguration section */
		8466CAB418E5D9BA0059F486 /* Debug */ = {
			isa = XCBuildConfiguration;
			buildSettings = {
				ALWAYS_SEARCH_USER_PATHS = NO;
				CLANG_CXX_LANGUAGE_STANDARD = "gnu++0x";
				CLANG_CXX_LIBRARY = "libc++";
				CLANG_ENABLE_MODULES = YES;
				CLANG_ENABLE_OBJC_ARC = YES;
				CLANG_WARN_BOOL_CONVERSION = YES;
				CLANG_WARN_CONSTANT_CONVERSION = YES;
				CLANG_WARN_DIRECT_OBJC_ISA_USAGE = YES_ERROR;
				CLANG_WARN_EMPTY_BODY = YES;
				CLANG_WARN_ENUM_CONVERSION = YES;
				CLANG_WARN_INT_CONVERSION = YES;
				CLANG_WARN_OBJC_ROOT_CLASS = YES_ERROR;
				CLANG_WARN__DUPLICATE_METHOD_MATCH = YES;
				"CODE_SIGN_IDENTITY[sdk=iphoneos*]" = "iPhone Developer";
				COPY_PHASE_STRIP = NO;
				GCC_C_LANGUAGE_STANDARD = gnu99;
				GCC_DYNAMIC_NO_PIC = NO;
				GCC_OPTIMIZATION_LEVEL = 0;
				GCC_PREPROCESSOR_DEFINITIONS = (
					"DEBUG=1",
					"$(inherited)",
				);
				GCC_SYMBOLS_PRIVATE_EXTERN = NO;
				GCC_WARN_64_TO_32_BIT_CONVERSION = YES;
				GCC_WARN_ABOUT_RETURN_TYPE = YES_ERROR;
				GCC_WARN_UNDECLARED_SELECTOR = YES;
				GCC_WARN_UNINITIALIZED_AUTOS = YES_AGGRESSIVE;
				GCC_WARN_UNUSED_FUNCTION = YES;
				GCC_WARN_UNUSED_VARIABLE = YES;
				IPHONEOS_DEPLOYMENT_TARGET = 7.1;
				ONLY_ACTIVE_ARCH = YES;
				SDKROOT = iphoneos;
			};
			name = Debug;
		};
		8466CAB518E5D9BA0059F486 /* Release */ = {
			isa = XCBuildConfiguration;
			buildSettings = {
				ALWAYS_SEARCH_USER_PATHS = NO;
				CLANG_CXX_LANGUAGE_STANDARD = "gnu++0x";
				CLANG_CXX_LIBRARY = "libc++";
				CLANG_ENABLE_MODULES = YES;
				CLANG_ENABLE_OBJC_ARC = YES;
				CLANG_WARN_BOOL_CONVERSION = YES;
				CLANG_WARN_CONSTANT_CONVERSION = YES;
				CLANG_WARN_DIRECT_OBJC_ISA_USAGE = YES_ERROR;
				CLANG_WARN_EMPTY_BODY = YES;
				CLANG_WARN_ENUM_CONVERSION = YES;
				CLANG_WARN_INT_CONVERSION = YES;
				CLANG_WARN_OBJC_ROOT_CLASS = YES_ERROR;
				CLANG_WARN__DUPLICATE_METHOD_MATCH = YES;
				"CODE_SIGN_IDENTITY[sdk=iphoneos*]" = "iPhone Developer";
				COPY_PHASE_STRIP = YES;
				ENABLE_NS_ASSERTIONS = NO;
				GCC_C_LANGUAGE_STANDARD = gnu99;
				GCC_WARN_64_TO_32_BIT_CONVERSION = YES;
				GCC_WARN_ABOUT_RETURN_TYPE = YES_ERROR;
				GCC_WARN_UNDECLARED_SELECTOR = YES;
				GCC_WARN_UNINITIALIZED_AUTOS = YES_AGGRESSIVE;
				GCC_WARN_UNUSED_FUNCTION = YES;
				GCC_WARN_UNUSED_VARIABLE = YES;
				IPHONEOS_DEPLOYMENT_TARGET = 7.1;
				SDKROOT = iphoneos;
				VALIDATE_PRODUCT = YES;
			};
			name = Release;
		};
		8466CAB718E5D9BA0059F486 /* Debug */ = {
			isa = XCBuildConfiguration;
			buildSettings = {
				ASSETCATALOG_COMPILER_APPICON_NAME = AppIcon;
				ASSETCATALOG_COMPILER_LAUNCHIMAGE_NAME = LaunchImage;
				GCC_PRECOMPILE_PREFIX_HEADER = YES;
				GCC_PREFIX_HEADER = "EjemploModalIntento2/EjemploModalIntento2-Prefix.pch";
				INFOPLIST_FILE = "EjemploModalIntento2/EjemploModalIntento2-Info.plist";
				PRODUCT_NAME = "$(TARGET_NAME)";
				WRAPPER_EXTENSION = app;
			};
			name = Debug;
		};
		8466CAB818E5D9BA0059F486 /* Release */ = {
			isa = XCBuildConfiguration;
			buildSettings = {
				ASSETCATALOG_COMPILER_APPICON_NAME = AppIcon;
				ASSETCATALOG_COMPILER_LAUNCHIMAGE_NAME = LaunchImage;
				GCC_PRECOMPILE_PREFIX_HEADER = YES;
				GCC_PREFIX_HEADER = "EjemploModalIntento2/EjemploModalIntento2-Prefix.pch";
				INFOPLIST_FILE = "EjemploModalIntento2/EjemploModalIntento2-Info.plist";
				PRODUCT_NAME = "$(TARGET_NAME)";
				WRAPPER_EXTENSION = app;
			};
			name = Release;
		};
		8466CABA18E5D9BA0059F486 /* Debug */ = {
			isa = XCBuildConfiguration;
			buildSettings = {
				BUNDLE_LOADER = "$(BUILT_PRODUCTS_DIR)/EjemploModalIntento2.app/EjemploModalIntento2";
				FRAMEWORK_SEARCH_PATHS = (
					"$(SDKROOT)/Developer/Library/Frameworks",
					"$(inherited)",
					"$(DEVELOPER_FRAMEWORKS_DIR)",
				);
				GCC_PRECOMPILE_PREFIX_HEADER = YES;
				GCC_PREFIX_HEADER = "EjemploModalIntento2/EjemploModalIntento2-Prefix.pch";
				GCC_PREPROCESSOR_DEFINITIONS = (
					"DEBUG=1",
					"$(inherited)",
				);
				INFOPLIST_FILE = "EjemploModalIntento2Tests/EjemploModalIntento2Tests-Info.plist";
				PRODUCT_NAME = "$(TARGET_NAME)";
				TEST_HOST = "$(BUNDLE_LOADER)";
				WRAPPER_EXTENSION = xctest;
			};
			name = Debug;
		};
		8466CABB18E5D9BA0059F486 /* Release */ = {
			isa = XCBuildConfiguration;
			buildSettings = {
				BUNDLE_LOADER = "$(BUILT_PRODUCTS_DIR)/EjemploModalIntento2.app/EjemploModalIntento2";
				FRAMEWORK_SEARCH_PATHS = (
					"$(SDKROOT)/Developer/Library/Frameworks",
					"$(inherited)",
					"$(DEVELOPER_FRAMEWORKS_DIR)",
				);
				GCC_PRECOMPILE_PREFIX_HEADER = YES;
				GCC_PREFIX_HEADER = "EjemploModalIntento2/EjemploModalIntento2-Prefix.pch";
				INFOPLIST_FILE = "EjemploModalIntento2Tests/EjemploModalIntento2Tests-Info.plist";
				PRODUCT_NAME = "$(TARGET_NAME)";
				TEST_HOST = "$(BUNDLE_LOADER)";
				WRAPPER_EXTENSION = xctest;
			};
			name = Release;
		};
/* End XCBuildConfiguration section */

/* Begin XCConfigurationList section */
		8466CA7F18E5D9BA0059F486 /* Build configuration list for PBXProject "EjemploModalIntento2" */ = {
			isa = XCConfigurationList;
			buildConfigurations = (
				8466CAB418E5D9BA0059F486 /* Debug */,
				8466CAB518E5D9BA0059F486 /* Release */,
			);
			defaultConfigurationIsVisible = 0;
			defaultConfigurationName = Release;
		};
		8466CAB618E5D9BA0059F486 /* Build configuration list for PBXNativeTarget "EjemploModalIntento2" */ = {
			isa = XCConfigurationList;
			buildConfigurations = (
				8466CAB718E5D9BA0059F486 /* Debug */,
				8466CAB818E5D9BA0059F486 /* Release */,
			);
			defaultConfigurationIsVisible = 0;
		};
		8466CAB918E5D9BA0059F486 /* Build configuration list for PBXNativeTarget "EjemploModalIntento2Tests" */ = {
			isa = XCConfigurationList;
			buildConfigurations = (
				8466CABA18E5D9BA0059F486 /* Debug */,
				8466CABB18E5D9BA0059F486 /* Release */,
			);
			defaultConfigurationIsVisible = 0;
		};
/* End XCConfigurationList section */
	};
	rootObject = 8466CA7C18E5D9BA0059F486 /* Project object */;
}
