// !$*UTF8*$!
{
	archiveVersion = 1;
	classes = {
	};
	objectVersion = 46;
	objects = {

/* Begin PBXBuildFile section */
		8401B74418B3F51E00229FE3 /* Foundation.framework in Frameworks */ = {isa = PBXBuildFile; fileRef = 8401B74318B3F51E00229FE3 /* Foundation.framework */; };
		8401B74618B3F51E00229FE3 /* CoreGraphics.framework in Frameworks */ = {isa = PBXBuildFile; fileRef = 8401B74518B3F51E00229FE3 /* CoreGraphics.framework */; };
		8401B74818B3F51E00229FE3 /* UIKit.framework in Frameworks */ = {isa = PBXBuildFile; fileRef = 8401B74718B3F51E00229FE3 /* UIKit.framework */; };
		8401B74E18B3F51E00229FE3 /* InfoPlist.strings in Resources */ = {isa = PBXBuildFile; fileRef = 8401B74C18B3F51E00229FE3 /* InfoPlist.strings */; };
		8401B75018B3F51E00229FE3 /* main.m in Sources */ = {isa = PBXBuildFile; fileRef = 8401B74F18B3F51E00229FE3 /* main.m */; };
		8401B75418B3F51E00229FE3 /* ccAppDelegate.m in Sources */ = {isa = PBXBuildFile; fileRef = 8401B75318B3F51E00229FE3 /* ccAppDelegate.m */; };
		8401B75718B3F51E00229FE3 /* Main_iPhone.storyboard in Resources */ = {isa = PBXBuildFile; fileRef = 8401B75518B3F51E00229FE3 /* Main_iPhone.storyboard */; };
		8401B75A18B3F51E00229FE3 /* Main_iPad.storyboard in Resources */ = {isa = PBXBuildFile; fileRef = 8401B75818B3F51E00229FE3 /* Main_iPad.storyboard */; };
		8401B75D18B3F51E00229FE3 /* ccViewController.m in Sources */ = {isa = PBXBuildFile; fileRef = 8401B75C18B3F51E00229FE3 /* ccViewController.m */; };
		8401B75F18B3F51E00229FE3 /* Images.xcassets in Resources */ = {isa = PBXBuildFile; fileRef = 8401B75E18B3F51E00229FE3 /* Images.xcassets */; };
		8401B76618B3F51E00229FE3 /* XCTest.framework in Frameworks */ = {isa = PBXBuildFile; fileRef = 8401B76518B3F51E00229FE3 /* XCTest.framework */; };
		8401B76718B3F51E00229FE3 /* Foundation.framework in Frameworks */ = {isa = PBXBuildFile; fileRef = 8401B74318B3F51E00229FE3 /* Foundation.framework */; };
		8401B76818B3F51E00229FE3 /* UIKit.framework in Frameworks */ = {isa = PBXBuildFile; fileRef = 8401B74718B3F51E00229FE3 /* UIKit.framework */; };
		8401B77018B3F51F00229FE3 /* InfoPlist.strings in Resources */ = {isa = PBXBuildFile; fileRef = 8401B76E18B3F51F00229FE3 /* InfoPlist.strings */; };
		8401B77218B3F51F00229FE3 /* ControlesComunesTests.m in Sources */ = {isa = PBXBuildFile; fileRef = 8401B77118B3F51F00229FE3 /* ControlesComunesTests.m */; };
/* End PBXBuildFile section */

/* Begin PBXContainerItemProxy section */
		8401B76918B3F51F00229FE3 /* PBXContainerItemProxy */ = {
			isa = PBXContainerItemProxy;
			containerPortal = 8401B73818B3F51E00229FE3 /* Project object */;
			proxyType = 1;
			remoteGlobalIDString = 8401B73F18B3F51E00229FE3;
			remoteInfo = ControlesComunes;
		};
/* End PBXContainerItemProxy section */

/* Begin PBXFileReference section */
		8401B74018B3F51E00229FE3 /* ControlesComunes.app */ = {isa = PBXFileReference; explicitFileType = wrapper.application; includeInIndex = 0; path = ControlesComunes.app; sourceTree = BUILT_PRODUCTS_DIR; };
		8401B74318B3F51E00229FE3 /* Foundation.framework */ = {isa = PBXFileReference; lastKnownFileType = wrapper.framework; name = Foundation.framework; path = System/Library/Frameworks/Foundation.framework; sourceTree = SDKROOT; };
		8401B74518B3F51E00229FE3 /* CoreGraphics.framework */ = {isa = PBXFileReference; lastKnownFileType = wrapper.framework; name = CoreGraphics.framework; path = System/Library/Frameworks/CoreGraphics.framework; sourceTree = SDKROOT; };
		8401B74718B3F51E00229FE3 /* UIKit.framework */ = {isa = PBXFileReference; lastKnownFileType = wrapper.framework; name = UIKit.framework; path = System/Library/Frameworks/UIKit.framework; sourceTree = SDKROOT; };
		8401B74B18B3F51E00229FE3 /* ControlesComunes-Info.plist */ = {isa = PBXFileReference; lastKnownFileType = text.plist.xml; path = "ControlesComunes-Info.plist"; sourceTree = "<group>"; };
		8401B74D18B3F51E00229FE3 /* en */ = {isa = PBXFileReference; lastKnownFileType = text.plist.strings; name = en; path = en.lproj/InfoPlist.strings; sourceTree = "<group>"; };
		8401B74F18B3F51E00229FE3 /* main.m */ = {isa = PBXFileReference; lastKnownFileType = sourcecode.c.objc; path = main.m; sourceTree = "<group>"; };
		8401B75118B3F51E00229FE3 /* ControlesComunes-Prefix.pch */ = {isa = PBXFileReference; lastKnownFileType = sourcecode.c.h; path = "ControlesComunes-Prefix.pch"; sourceTree = "<group>"; };
		8401B75218B3F51E00229FE3 /* ccAppDelegate.h */ = {isa = PBXFileReference; lastKnownFileType = sourcecode.c.h; path = ccAppDelegate.h; sourceTree = "<group>"; };
		8401B75318B3F51E00229FE3 /* ccAppDelegate.m */ = {isa = PBXFileReference; lastKnownFileType = sourcecode.c.objc; path = ccAppDelegate.m; sourceTree = "<group>"; };
		8401B75618B3F51E00229FE3 /* Base */ = {isa = PBXFileReference; lastKnownFileType = file.storyboard; name = Base; path = Base.lproj/Main_iPhone.storyboard; sourceTree = "<group>"; };
		8401B75918B3F51E00229FE3 /* Base */ = {isa = PBXFileReference; lastKnownFileType = file.storyboard; name = Base; path = Base.lproj/Main_iPad.storyboard; sourceTree = "<group>"; };
		8401B75B18B3F51E00229FE3 /* ccViewController.h */ = {isa = PBXFileReference; lastKnownFileType = sourcecode.c.h; path = ccViewController.h; sourceTree = "<group>"; };
		8401B75C18B3F51E00229FE3 /* ccViewController.m */ = {isa = PBXFileReference; lastKnownFileType = sourcecode.c.objc; path = ccViewController.m; sourceTree = "<group>"; };
		8401B75E18B3F51E00229FE3 /* Images.xcassets */ = {isa = PBXFileReference; lastKnownFileType = folder.assetcatalog; path = Images.xcassets; sourceTree = "<group>"; };
		8401B76418B3F51E00229FE3 /* ControlesComunesTests.xctest */ = {isa = PBXFileReference; explicitFileType = wrapper.cfbundle; includeInIndex = 0; path = ControlesComunesTests.xctest; sourceTree = BUILT_PRODUCTS_DIR; };
		8401B76518B3F51E00229FE3 /* XCTest.framework */ = {isa = PBXFileReference; lastKnownFileType = wrapper.framework; name = XCTest.framework; path = Library/Frameworks/XCTest.framework; sourceTree = DEVELOPER_DIR; };
		8401B76D18B3F51F00229FE3 /* ControlesComunesTests-Info.plist */ = {isa = PBXFileReference; lastKnownFileType = text.plist.xml; path = "ControlesComunesTests-Info.plist"; sourceTree = "<group>"; };
		8401B76F18B3F51F00229FE3 /* en */ = {isa = PBXFileReference; lastKnownFileType = text.plist.strings; name = en; path = en.lproj/InfoPlist.strings; sourceTree = "<group>"; };
		8401B77118B3F51F00229FE3 /* ControlesComunesTests.m */ = {isa = PBXFileReference; lastKnownFileType = sourcecode.c.objc; path = ControlesComunesTests.m; sourceTree = "<group>"; };
/* End PBXFileReference section */

/* Begin PBXFrameworksBuildPhase section */
		8401B73D18B3F51E00229FE3 /* Frameworks */ = {
			isa = PBXFrameworksBuildPhase;
			buildActionMask = 2147483647;
			files = (
				8401B74618B3F51E00229FE3 /* CoreGraphics.framework in Frameworks */,
				8401B74818B3F51E00229FE3 /* UIKit.framework in Frameworks */,
				8401B74418B3F51E00229FE3 /* Foundation.framework in Frameworks */,
			);
			runOnlyForDeploymentPostprocessing = 0;
		};
		8401B76118B3F51E00229FE3 /* Frameworks */ = {
			isa = PBXFrameworksBuildPhase;
			buildActionMask = 2147483647;
			files = (
				8401B76618B3F51E00229FE3 /* XCTest.framework in Frameworks */,
				8401B76818B3F51E00229FE3 /* UIKit.framework in Frameworks */,
				8401B76718B3F51E00229FE3 /* Foundation.framework in Frameworks */,
			);
			runOnlyForDeploymentPostprocessing = 0;
		};
/* End PBXFrameworksBuildPhase section */

/* Begin PBXGroup section */
		8401B73718B3F51E00229FE3 = {
			isa = PBXGroup;
			children = (
				8401B74918B3F51E00229FE3 /* ControlesComunes */,
				8401B76B18B3F51F00229FE3 /* ControlesComunesTests */,
				8401B74218B3F51E00229FE3 /* Frameworks */,
				8401B74118B3F51E00229FE3 /* Products */,
			);
			sourceTree = "<group>";
		};
		8401B74118B3F51E00229FE3 /* Products */ = {
			isa = PBXGroup;
			children = (
				8401B74018B3F51E00229FE3 /* ControlesComunes.app */,
				8401B76418B3F51E00229FE3 /* ControlesComunesTests.xctest */,
			);
			name = Products;
			sourceTree = "<group>";
		};
		8401B74218B3F51E00229FE3 /* Frameworks */ = {
			isa = PBXGroup;
			children = (
				8401B74318B3F51E00229FE3 /* Foundation.framework */,
				8401B74518B3F51E00229FE3 /* CoreGraphics.framework */,
				8401B74718B3F51E00229FE3 /* UIKit.framework */,
				8401B76518B3F51E00229FE3 /* XCTest.framework */,
			);
			name = Frameworks;
			sourceTree = "<group>";
		};
		8401B74918B3F51E00229FE3 /* ControlesComunes */ = {
			isa = PBXGroup;
			children = (
				8401B75218B3F51E00229FE3 /* ccAppDelegate.h */,
				8401B75318B3F51E00229FE3 /* ccAppDelegate.m */,
				8401B75518B3F51E00229FE3 /* Main_iPhone.storyboard */,
				8401B75818B3F51E00229FE3 /* Main_iPad.storyboard */,
				8401B75B18B3F51E00229FE3 /* ccViewController.h */,
				8401B75C18B3F51E00229FE3 /* ccViewController.m */,
				8401B75E18B3F51E00229FE3 /* Images.xcassets */,
				8401B74A18B3F51E00229FE3 /* Supporting Files */,
			);
			path = ControlesComunes;
			sourceTree = "<group>";
		};
		8401B74A18B3F51E00229FE3 /* Supporting Files */ = {
			isa = PBXGroup;
			children = (
				8401B74B18B3F51E00229FE3 /* ControlesComunes-Info.plist */,
				8401B74C18B3F51E00229FE3 /* InfoPlist.strings */,
				8401B74F18B3F51E00229FE3 /* main.m */,
				8401B75118B3F51E00229FE3 /* ControlesComunes-Prefix.pch */,
			);
			name = "Supporting Files";
			sourceTree = "<group>";
		};
		8401B76B18B3F51F00229FE3 /* ControlesComunesTests */ = {
			isa = PBXGroup;
			children = (
				8401B77118B3F51F00229FE3 /* ControlesComunesTests.m */,
				8401B76C18B3F51F00229FE3 /* Supporting Files */,
			);
			path = ControlesComunesTests;
			sourceTree = "<group>";
		};
		8401B76C18B3F51F00229FE3 /* Supporting Files */ = {
			isa = PBXGroup;
			children = (
				8401B76D18B3F51F00229FE3 /* ControlesComunesTests-Info.plist */,
				8401B76E18B3F51F00229FE3 /* InfoPlist.strings */,
			);
			name = "Supporting Files";
			sourceTree = "<group>";
		};
/* End PBXGroup section */

/* Begin PBXNativeTarget section */
		8401B73F18B3F51E00229FE3 /* ControlesComunes */ = {
			isa = PBXNativeTarget;
			buildConfigurationList = 8401B77518B3F51F00229FE3 /* Build configuration list for PBXNativeTarget "ControlesComunes" */;
			buildPhases = (
				8401B73C18B3F51E00229FE3 /* Sources */,
				8401B73D18B3F51E00229FE3 /* Frameworks */,
				8401B73E18B3F51E00229FE3 /* Resources */,
			);
			buildRules = (
			);
			dependencies = (
			);
			name = ControlesComunes;
			productName = ControlesComunes;
			productReference = 8401B74018B3F51E00229FE3 /* ControlesComunes.app */;
			productType = "com.apple.product-type.application";
		};
		8401B76318B3F51E00229FE3 /* ControlesComunesTests */ = {
			isa = PBXNativeTarget;
			buildConfigurationList = 8401B77818B3F51F00229FE3 /* Build configuration list for PBXNativeTarget "ControlesComunesTests" */;
			buildPhases = (
				8401B76018B3F51E00229FE3 /* Sources */,
				8401B76118B3F51E00229FE3 /* Frameworks */,
				8401B76218B3F51E00229FE3 /* Resources */,
			);
			buildRules = (
			);
			dependencies = (
				8401B76A18B3F51F00229FE3 /* PBXTargetDependency */,
			);
			name = ControlesComunesTests;
			productName = ControlesComunesTests;
			productReference = 8401B76418B3F51E00229FE3 /* ControlesComunesTests.xctest */;
			productType = "com.apple.product-type.bundle.unit-test";
		};
/* End PBXNativeTarget section */

/* Begin PBXProject section */
		8401B73818B3F51E00229FE3 /* Project object */ = {
			isa = PBXProject;
			attributes = {
				CLASSPREFIX = cc;
				LastUpgradeCheck = 0500;
				ORGANIZATIONNAME = "Jorge Flores";
				TargetAttributes = {
					8401B76318B3F51E00229FE3 = {
						TestTargetID = 8401B73F18B3F51E00229FE3;
					};
				};
			};
			buildConfigurationList = 8401B73B18B3F51E00229FE3 /* Build configuration list for PBXProject "ControlesComunes" */;
			compatibilityVersion = "Xcode 3.2";
			developmentRegion = English;
			hasScannedForEncodings = 0;
			knownRegions = (
				en,
				Base,
			);
			mainGroup = 8401B73718B3F51E00229FE3;
			productRefGroup = 8401B74118B3F51E00229FE3 /* Products */;
			projectDirPath = "";
			projectRoot = "";
			targets = (
				8401B73F18B3F51E00229FE3 /* ControlesComunes */,
				8401B76318B3F51E00229FE3 /* ControlesComunesTests */,
			);
		};
/* End PBXProject section */

/* Begin PBXResourcesBuildPhase section */
		8401B73E18B3F51E00229FE3 /* Resources */ = {
			isa = PBXResourcesBuildPhase;
			buildActionMask = 2147483647;
			files = (
				8401B75A18B3F51E00229FE3 /* Main_iPad.storyboard in Resources */,
				8401B75F18B3F51E00229FE3 /* Images.xcassets in Resources */,
				8401B75718B3F51E00229FE3 /* Main_iPhone.storyboard in Resources */,
				8401B74E18B3F51E00229FE3 /* InfoPlist.strings in Resources */,
			);
			runOnlyForDeploymentPostprocessing = 0;
		};
		8401B76218B3F51E00229FE3 /* Resources */ = {
			isa = PBXResourcesBuildPhase;
			buildActionMask = 2147483647;
			files = (
				8401B77018B3F51F00229FE3 /* InfoPlist.strings in Resources */,
			);
			runOnlyForDeploymentPostprocessing = 0;
		};
/* End PBXResourcesBuildPhase section */

/* Begin PBXSourcesBuildPhase section */
		8401B73C18B3F51E00229FE3 /* Sources */ = {
			isa = PBXSourcesBuildPhase;
			buildActionMask = 2147483647;
			files = (
				8401B75418B3F51E00229FE3 /* ccAppDelegate.m in Sources */,
				8401B75018B3F51E00229FE3 /* main.m in Sources */,
				8401B75D18B3F51E00229FE3 /* ccViewController.m in Sources */,
			);
			runOnlyForDeploymentPostprocessing = 0;
		};
		8401B76018B3F51E00229FE3 /* Sources */ = {
			isa = PBXSourcesBuildPhase;
			buildActionMask = 2147483647;
			files = (
				8401B77218B3F51F00229FE3 /* ControlesComunesTests.m in Sources */,
			);
			runOnlyForDeploymentPostprocessing = 0;
		};
/* End PBXSourcesBuildPhase section */

/* Begin PBXTargetDependency section */
		8401B76A18B3F51F00229FE3 /* PBXTargetDependency */ = {
			isa = PBXTargetDependency;
			target = 8401B73F18B3F51E00229FE3 /* ControlesComunes */;
			targetProxy = 8401B76918B3F51F00229FE3 /* PBXContainerItemProxy */;
		};
/* End PBXTargetDependency section */

/* Begin PBXVariantGroup section */
		8401B74C18B3F51E00229FE3 /* InfoPlist.strings */ = {
			isa = PBXVariantGroup;
			children = (
				8401B74D18B3F51E00229FE3 /* en */,
			);
			name = InfoPlist.strings;
			sourceTree = "<group>";
		};
		8401B75518B3F51E00229FE3 /* Main_iPhone.storyboard */ = {
			isa = PBXVariantGroup;
			children = (
				8401B75618B3F51E00229FE3 /* Base */,
			);
			name = Main_iPhone.storyboard;
			sourceTree = "<group>";
		};
		8401B75818B3F51E00229FE3 /* Main_iPad.storyboard */ = {
			isa = PBXVariantGroup;
			children = (
				8401B75918B3F51E00229FE3 /* Base */,
			);
			name = Main_iPad.storyboard;
			sourceTree = "<group>";
		};
		8401B76E18B3F51F00229FE3 /* InfoPlist.strings */ = {
			isa = PBXVariantGroup;
			children = (
				8401B76F18B3F51F00229FE3 /* en */,
			);
			name = InfoPlist.strings;
			sourceTree = "<group>";
		};
/* End PBXVariantGroup section */

/* Begin XCBuildConfiguration section */
		8401B77318B3F51F00229FE3 /* Debug */ = {
			isa = XCBuildConfiguration;
			buildSettings = {
				ALWAYS_SEARCH_USER_PATHS = NO;
				ARCHS = "$(ARCHS_STANDARD_INCLUDING_64_BIT)";
				CLANG_CXX_LANGUAGE_STANDARD = "gnu++0x";
				CLANG_CXX_LIBRARY = "libc++";
				CLANG_ENABLE_MODULES = YES;
				CLANG_ENABLE_OBJC_ARC = YES;
				CLANG_WARN_BOOL_CONVERSION = YES;
				CLANG_WARN_CONSTANT_CONVERSION = YES;
				CLANG_WARN_DIRECT_OBJC_ISA_USAGE = YES_ERROR;
				CLANG_WARN_EMPTY_BODY = YES;
				CLANG_WARN_ENUM_CONVERSION = YES;
				CLANG_WARN_INT_CONVERSION = YES;
				CLANG_WARN_OBJC_ROOT_CLASS = YES_ERROR;
				CLANG_WARN__DUPLICATE_METHOD_MATCH = YES;
				"CODE_SIGN_IDENTITY[sdk=iphoneos*]" = "iPhone Developer";
				COPY_PHASE_STRIP = NO;
				GCC_C_LANGUAGE_STANDARD = gnu99;
				GCC_DYNAMIC_NO_PIC = NO;
				GCC_OPTIMIZATION_LEVEL = 0;
				GCC_PREPROCESSOR_DEFINITIONS = (
					"DEBUG=1",
					"$(inherited)",
				);
				GCC_SYMBOLS_PRIVATE_EXTERN = NO;
				GCC_WARN_64_TO_32_BIT_CONVERSION = YES;
				GCC_WARN_ABOUT_RETURN_TYPE = YES_ERROR;
				GCC_WARN_UNDECLARED_SELECTOR = YES;
				GCC_WARN_UNINITIALIZED_AUTOS = YES;
				GCC_WARN_UNUSED_FUNCTION = YES;
				GCC_WARN_UNUSED_VARIABLE = YES;
				IPHONEOS_DEPLOYMENT_TARGET = 7.0;
				ONLY_ACTIVE_ARCH = YES;
				SDKROOT = iphoneos;
				TARGETED_DEVICE_FAMILY = "1,2";
			};
			name = Debug;
		};
		8401B77418B3F51F00229FE3 /* Release */ = {
			isa = XCBuildConfiguration;
			buildSettings = {
				ALWAYS_SEARCH_USER_PATHS = NO;
				ARCHS = "$(ARCHS_STANDARD_INCLUDING_64_BIT)";
				CLANG_CXX_LANGUAGE_STANDARD = "gnu++0x";
				CLANG_CXX_LIBRARY = "libc++";
				CLANG_ENABLE_MODULES = YES;
				CLANG_ENABLE_OBJC_ARC = YES;
				CLANG_WARN_BOOL_CONVERSION = YES;
				CLANG_WARN_CONSTANT_CONVERSION = YES;
				CLANG_WARN_DIRECT_OBJC_ISA_USAGE = YES_ERROR;
				CLANG_WARN_EMPTY_BODY = YES;
				CLANG_WARN_ENUM_CONVERSION = YES;
				CLANG_WARN_INT_CONVERSION = YES;
				CLANG_WARN_OBJC_ROOT_CLASS = YES_ERROR;
				CLANG_WARN__DUPLICATE_METHOD_MATCH = YES;
				"CODE_SIGN_IDENTITY[sdk=iphoneos*]" = "iPhone Developer";
				COPY_PHASE_STRIP = YES;
				ENABLE_NS_ASSERTIONS = NO;
				GCC_C_LANGUAGE_STANDARD = gnu99;
				GCC_WARN_64_TO_32_BIT_CONVERSION = YES;
				GCC_WARN_ABOUT_RETURN_TYPE = YES_ERROR;
				GCC_WARN_UNDECLARED_SELECTOR = YES;
				GCC_WARN_UNINITIALIZED_AUTOS = YES;
				GCC_WARN_UNUSED_FUNCTION = YES;
				GCC_WARN_UNUSED_VARIABLE = YES;
				IPHONEOS_DEPLOYMENT_TARGET = 7.0;
				SDKROOT = iphoneos;
				TARGETED_DEVICE_FAMILY = "1,2";
				VALIDATE_PRODUCT = YES;
			};
			name = Release;
		};
		8401B77618B3F51F00229FE3 /* Debug */ = {
			isa = XCBuildConfiguration;
			buildSettings = {
				ASSETCATALOG_COMPILER_APPICON_NAME = AppIcon;
				ASSETCATALOG_COMPILER_LAUNCHIMAGE_NAME = LaunchImage;
				GCC_PRECOMPILE_PREFIX_HEADER = YES;
				GCC_PREFIX_HEADER = "ControlesComunes/ControlesComunes-Prefix.pch";
				INFOPLIST_FILE = "ControlesComunes/ControlesComunes-Info.plist";
				IPHONEOS_DEPLOYMENT_TARGET = 7.0;
				PRODUCT_NAME = "$(TARGET_NAME)";
				TARGETED_DEVICE_FAMILY = "1,2";
				WRAPPER_EXTENSION = app;
			};
			name = Debug;
		};
		8401B77718B3F51F00229FE3 /* Release */ = {
			isa = XCBuildConfiguration;
			buildSettings = {
				ASSETCATALOG_COMPILER_APPICON_NAME = AppIcon;
				ASSETCATALOG_COMPILER_LAUNCHIMAGE_NAME = LaunchImage;
				GCC_PRECOMPILE_PREFIX_HEADER = YES;
				GCC_PREFIX_HEADER = "ControlesComunes/ControlesComunes-Prefix.pch";
				INFOPLIST_FILE = "ControlesComunes/ControlesComunes-Info.plist";
				IPHONEOS_DEPLOYMENT_TARGET = 7.0;
				PRODUCT_NAME = "$(TARGET_NAME)";
				TARGETED_DEVICE_FAMILY = "1,2";
				WRAPPER_EXTENSION = app;
			};
			name = Release;
		};
		8401B77918B3F51F00229FE3 /* Debug */ = {
			isa = XCBuildConfiguration;
			buildSettings = {
				ARCHS = "$(ARCHS_STANDARD_INCLUDING_64_BIT)";
				BUNDLE_LOADER = "$(BUILT_PRODUCTS_DIR)/ControlesComunes.app/ControlesComunes";
				FRAMEWORK_SEARCH_PATHS = (
					"$(SDKROOT)/Developer/Library/Frameworks",
					"$(inherited)",
					"$(DEVELOPER_FRAMEWORKS_DIR)",
				);
				GCC_PRECOMPILE_PREFIX_HEADER = YES;
				GCC_PREFIX_HEADER = "ControlesComunes/ControlesComunes-Prefix.pch";
				GCC_PREPROCESSOR_DEFINITIONS = (
					"DEBUG=1",
					"$(inherited)",
				);
				INFOPLIST_FILE = "ControlesComunesTests/ControlesComunesTests-Info.plist";
				PRODUCT_NAME = "$(TARGET_NAME)";
				TEST_HOST = "$(BUNDLE_LOADER)";
				WRAPPER_EXTENSION = xctest;
			};
			name = Debug;
		};
		8401B77A18B3F51F00229FE3 /* Release */ = {
			isa = XCBuildConfiguration;
			buildSettings = {
				ARCHS = "$(ARCHS_STANDARD_INCLUDING_64_BIT)";
				BUNDLE_LOADER = "$(BUILT_PRODUCTS_DIR)/ControlesComunes.app/ControlesComunes";
				FRAMEWORK_SEARCH_PATHS = (
					"$(SDKROOT)/Developer/Library/Frameworks",
					"$(inherited)",
					"$(DEVELOPER_FRAMEWORKS_DIR)",
				);
				GCC_PRECOMPILE_PREFIX_HEADER = YES;
				GCC_PREFIX_HEADER = "ControlesComunes/ControlesComunes-Prefix.pch";
				INFOPLIST_FILE = "ControlesComunesTests/ControlesComunesTests-Info.plist";
				PRODUCT_NAME = "$(TARGET_NAME)";
				TEST_HOST = "$(BUNDLE_LOADER)";
				WRAPPER_EXTENSION = xctest;
			};
			name = Release;
		};
/* End XCBuildConfiguration section */

/* Begin XCConfigurationList section */
		8401B73B18B3F51E00229FE3 /* Build configuration list for PBXProject "ControlesComunes" */ = {
			isa = XCConfigurationList;
			buildConfigurations = (
				8401B77318B3F51F00229FE3 /* Debug */,
				8401B77418B3F51F00229FE3 /* Release */,
			);
			defaultConfigurationIsVisible = 0;
			defaultConfigurationName = Release;
		};
		8401B77518B3F51F00229FE3 /* Build configuration list for PBXNativeTarget "ControlesComunes" */ = {
			isa = XCConfigurationList;
			buildConfigurations = (
				8401B77618B3F51F00229FE3 /* Debug */,
				8401B77718B3F51F00229FE3 /* Release */,
			);
			defaultConfigurationIsVisible = 0;
		};
		8401B77818B3F51F00229FE3 /* Build configuration list for PBXNativeTarget "ControlesComunesTests" */ = {
			isa = XCConfigurationList;
			buildConfigurations = (
				8401B77918B3F51F00229FE3 /* Debug */,
				8401B77A18B3F51F00229FE3 /* Release */,
			);
			defaultConfigurationIsVisible = 0;
		};
/* End XCConfigurationList section */
	};
	rootObject = 8401B73818B3F51E00229FE3 /* Project object */;
}
